
Microsoft Visual Studio Solution File, Format Version 12.00
# Visual Studio Version 17
VisualStudioVersion = 17.9.34902.65
MinimumVisualStudioVersion = 10.0.40219.1
Project("{8BC9CEB8-8B4A-11D0-8D11-00A0C91BC942}") = "Jayesh_34", "Jayesh_34\Jayesh_34.vcxproj", "{2563E77D-B0B4-4513-AD7A-C855934E8E64}"
EndProject
Global
	GlobalSection(SolutionConfigurationPlatforms) = preSolution
		Debug|x64 = Debug|x64
		Debug|x86 = Debug|x86
		Release|x64 = Release|x64
		Release|x86 = Release|x86
	EndGlobalSection
	GlobalSection(ProjectConfigurationPlatforms) = postSolution
		{2563E77D-B0B4-4513-AD7A-C855934E8E64}.Debug|x64.ActiveCfg = Debug|x64
		{2563E77D-B0B4-4513-AD7A-C855934E8E64}.Debug|x64.Build.0 = Debug|x64
		{2563E77D-B0B4-4513-AD7A-C855934E8E64}.Debug|x86.ActiveCfg = Debug|Win32
		{2563E77D-B0B4-4513-AD7A-C855934E8E64}.Debug|x86.Build.0 = Debug|Win32
		{2563E77D-B0B4-4513-AD7A-C855934E8E64}.Release|x64.ActiveCfg = Release|x64
		{2563E77D-B0B4-4513-AD7A-C855934E8E64}.Release|x64.Build.0 = Release|x64
		{2563E77D-B0B4-4513-AD7A-C855934E8E64}.Release|x86.ActiveCfg = Release|Win32
		{2563E77D-B0B4-4513-AD7A-C855934E8E64}.Release|x86.Build.0 = Release|Win32
	EndGlobalSection
	GlobalSection(SolutionProperties) = preSolution
		HideSolutionNode = FALSE
	EndGlobalSection
	GlobalSection(ExtensibilityGlobals) = postSolution
		SolutionGuid = {AD5CBA12-AE33-4486-918A-D82056BD3C1B}
	EndGlobalSection
EndGlobal
